lockfileVersion: '9.0'

settings:
  autoInstallPeers: true
  excludeLinksFromLockfile: false

importers:

  .:
    dependencies:
      shell-quote:
        specifier: ^1.8.3
        version: 1.10.0

packages:

  shell-quote@1.10.0:
    resolution: {integrity: sha512-w1aiOKwKuRgtwAReIIj89puqg+I7GvX4IbLrvmhXbzQsj1+Zwi4VO3+fa6ZF91TWSjIxoEkKnMeHcLEODK5ZXA==}
    engines: {node: '>= 0.4'}

snapshots:

  shell-quote@1.10.0: {}
